// !$*UTF8*$!
{
	archiveVersion = 1;
	classes = {
	};
	objectVersion = 50;
	objects = {

/* Begin PBXBuildFile section */
		E25F76852243A78500A8FE9D /* AppDelegate.m in Sources */ = {isa = PBXBuildFile; fileRef = E25F76842243A78500A8FE9D /* AppDelegate.m */; };
		E25F76882243A78500A8FE9D /* ViewController.m in Sources */ = {isa = PBXBuildFile; fileRef = E25F76872243A78500A8FE9D /* ViewController.m */; };
		E25F768B2243A78500A8FE9D /* Main.storyboard in Resources */ = {isa = PBXBuildFile; fileRef = E25F76892243A78500A8FE9D /* Main.storyboard */; };
		E25F768D2243A78900A8FE9D /* Assets.xcassets in Resources */ = {isa = PBXBuildFile; fileRef = E25F768C2243A78900A8FE9D /* Assets.xcassets */; };
		E25F76902243A78900A8FE9D /* LaunchScreen.storyboard in Resources */ = {isa = PBXBuildFile; fileRef = E25F768E2243A78900A8FE9D /* LaunchScreen.storyboard */; };
		E25F76932243A78900A8FE9D /* main.m in Sources */ = {isa = PBXBuildFile; fileRef = E25F76922243A78900A8FE9D /* main.m */; };
		E25F769B2243AB2000A8FE9D /* ImageLibrary.m in Sources */ = {isa = PBXBuildFile; fileRef = E25F769A2243AB2000A8FE9D /* ImageLibrary.m */; };
		E25F76B12243B81D00A8FE9D /* B.jpg in Resources */ = {isa = PBXBuildFile; fileRef = E25F76AE2243B81D00A8FE9D /* B.jpg */; };
		E25F76B22243B81D00A8FE9D /* C.jpg in Resources */ = {isa = PBXBuildFile; fileRef = E25F76AF2243B81D00A8FE9D /* C.jpg */; };
		E25F76B32243B81D00A8FE9D /* A.jpg in Resources */ = {isa = PBXBuildFile; fileRef = E25F76B02243B81D00A8FE9D /* A.jpg */; };
		E25F76B62244CAF700A8FE9D /* SwiftViewController.swift in Sources */ = {isa = PBXBuildFile; fileRef = E25F76B52244CAF700A8FE9D /* SwiftViewController.swift */; };
/* End PBXBuildFile section */

/* Begin PBXFileReference section */
		E25F76802243A78500A8FE9D /* innerupperabilityDemo.app */ = {isa = PBXFileReference; explicitFileType = wrapper.application; includeInIndex = 0; path = innerupperabilityDemo.app; sourceTree = BUILT_PRODUCTS_DIR; };
		E25F76832243A78500A8FE9D /* AppDelegate.h */ = {isa = PBXFileReference; lastKnownFileType = sourcecode.c.h; path = AppDelegate.h; sourceTree = "<group>"; };
		E25F76842243A78500A8FE9D /* AppDelegate.m */ = {isa = PBXFileReference; lastKnownFileType = sourcecode.c.objc; path = AppDelegate.m; sourceTree = "<group>"; };
		E25F76862243A78500A8FE9D /* ViewController.h */ = {isa = PBXFileReference; lastKnownFileType = sourcecode.c.h; path = ViewController.h; sourceTree = "<group>"; };
		E25F76872243A78500A8FE9D /* ViewController.m */ = {isa = PBXFileReference; lastKnownFileType = sourcecode.c.objc; path = ViewController.m; sourceTree = "<group>"; };
		E25F768A2243A78500A8FE9D /* Base */ = {isa = PBXFileReference; lastKnownFileType = file.storyboard; name = Base; path = Base.lproj/Main.storyboard; sourceTree = "<group>"; };
		E25F768C2243A78900A8FE9D /* Assets.xcassets */ = {isa = PBXFileReference; lastKnownFileType = folder.assetcatalog; path = Assets.xcassets; sourceTree = "<group>"; };
		E25F768F2243A78900A8FE9D /* Base */ = {isa = PBXFileReference; lastKnownFileType = file.storyboard; name = Base; path = Base.lproj/LaunchScreen.storyboard; sourceTree = "<group>"; };
		E25F76912243A78900A8FE9D /* Info.plist */ = {isa = PBXFileReference; lastKnownFileType = text.plist.xml; path = Info.plist; sourceTree = "<group>"; };
		E25F76922243A78900A8FE9D /* main.m */ = {isa = PBXFileReference; lastKnownFileType = sourcecode.c.objc; path = main.m; sourceTree = "<group>"; };
		E25F76992243AA7600A8FE9D /* ImageLibrary.h */ = {isa = PBXFileReference; lastKnownFileType = sourcecode.c.h; path = ImageLibrary.h; sourceTree = "<group>"; };
		E25F769A2243AB2000A8FE9D /* ImageLibrary.m */ = {isa = PBXFileReference; lastKnownFileType = sourcecode.c.objc; path = ImageLibrary.m; sourceTree = "<group>"; };
		E25F76AE2243B81D00A8FE9D /* B.jpg */ = {isa = PBXFileReference; lastKnownFileType = image.jpeg; path = B.jpg; sourceTree = "<group>"; };
		E25F76AF2243B81D00A8FE9D /* C.jpg */ = {isa = PBXFileReference; lastKnownFileType = image.jpeg; path = C.jpg; sourceTree = "<group>"; };
		E25F76B02243B81D00A8FE9D /* A.jpg */ = {isa = PBXFileReference; lastKnownFileType = image.jpeg; path = A.jpg; sourceTree = "<group>"; };
		E25F76B42244CAF700A8FE9D /* innerupperabilityDemo-Bridging-Header.h */ = {isa = PBXFileReference; lastKnownFileType = sourcecode.c.h; path = "innerupperabilityDemo-Bridging-Header.h"; sourceTree = "<group>"; };
		E25F76B52244CAF700A8FE9D /* SwiftViewController.swift */ = {isa = PBXFileReference; lastKnownFileType = sourcecode.swift; path = SwiftViewController.swift; sourceTree = "<group>"; };
/* End PBXFileReference section */

/* Begin PBXFrameworksBuildPhase section */
		E25F767D2243A78500A8FE9D /* Frameworks */ = {
			isa = PBXFrameworksBuildPhase;
			buildActionMask = 2147483647;
			files = (
			);
			runOnlyForDeploymentPostprocessing = 0;
		};
/* End PBXFrameworksBuildPhase section */

/* Begin PBXGroup section */
		E25F76772243A78500A8FE9D = {
			isa = PBXGroup;
			children = (
				E25F76822243A78500A8FE9D /* innerupperabilityDemo */,
				E25F76812243A78500A8FE9D /* Products */,
			);
			sourceTree = "<group>";
		};
		E25F76812243A78500A8FE9D /* Products */ = {
			isa = PBXGroup;
			children = (
				E25F76802243A78500A8FE9D /* innerupperabilityDemo.app */,
			);
			name = Products;
			sourceTree = "<group>";
		};
		E25F76822243A78500A8FE9D /* innerupperabilityDemo */ = {
			isa = PBXGroup;
			children = (
				E25F76B02243B81D00A8FE9D /* A.jpg */,
				E25F76AE2243B81D00A8FE9D /* B.jpg */,
				E25F76AF2243B81D00A8FE9D /* C.jpg */,
				E25F76832243A78500A8FE9D /* AppDelegate.h */,
				E25F76842243A78500A8FE9D /* AppDelegate.m */,
				E25F76862243A78500A8FE9D /* ViewController.h */,
				E25F76872243A78500A8FE9D /* ViewController.m */,
				E25F76892243A78500A8FE9D /* Main.storyboard */,
				E25F76992243AA7600A8FE9D /* ImageLibrary.h */,
				E25F769A2243AB2000A8FE9D /* ImageLibrary.m */,
				E25F768C2243A78900A8FE9D /* Assets.xcassets */,
				E25F768E2243A78900A8FE9D /* LaunchScreen.storyboard */,
				E25F76912243A78900A8FE9D /* Info.plist */,
				E25F76922243A78900A8FE9D /* main.m */,
				E25F76B52244CAF700A8FE9D /* SwiftViewController.swift */,
				E25F76B42244CAF700A8FE9D /* innerupperabilityDemo-Bridging-Header.h */,
			);
			path = innerupperabilityDemo;
			sourceTree = "<group>";
		};
/* End PBXGroup section */

/* Begin PBXNativeTarget section */
		E25F767F2243A78500A8FE9D /* innerupperabilityDemo */ = {
			isa = PBXNativeTarget;
			buildConfigurationList = E25F76962243A78900A8FE9D /* Build configuration list for PBXNativeTarget "innerupperabilityDemo" */;
			buildPhases = (
				E25F767C2243A78500A8FE9D /* Sources */,
				E25F767D2243A78500A8FE9D /* Frameworks */,
				E25F767E2243A78500A8FE9D /* Resources */,
			);
			buildRules = (
			);
			dependencies = (
			);
			name = innerupperabilityDemo;
			productName = innerupperabilityDemo;
			productReference = E25F76802243A78500A8FE9D /* innerupperabilityDemo.app */;
			productType = "com.apple.product-type.application";
		};
/* End PBXNativeTarget section */

/* Begin PBXProject section */
		E25F76782243A78500A8FE9D /* Project object */ = {
			isa = PBXProject;
			attributes = {
				LastUpgradeCheck = 1010;
				ORGANIZATIONNAME = "+1";
				TargetAttributes = {
					E25F767F2243A78500A8FE9D = {
						CreatedOnToolsVersion = 10.1;
						LastSwiftMigration = 1010;
					};
				};
			};
			buildConfigurationList = E25F767B2243A78500A8FE9D /* Build configuration list for PBXProject "innerupperabilityDemo" */;
			compatibilityVersion = "Xcode 9.3";
			developmentRegion = en;
			hasScannedForEncodings = 0;
			knownRegions = (
				en,
				Base,
			);
			mainGroup = E25F76772243A78500A8FE9D;
			productRefGroup = E25F76812243A78500A8FE9D /* Products */;
			projectDirPath = "";
			projectRoot = "";
			targets = (
				E25F767F2243A78500A8FE9D /* innerupperabilityDemo */,
			);
		};
/* End PBXProject section */

/* Begin PBXResourcesBuildPhase section */
		E25F767E2243A78500A8FE9D /* Resources */ = {
			isa = PBXResourcesBuildPhase;
			buildActionMask = 2147483647;
			files = (
				E25F76902243A78900A8FE9D /* LaunchScreen.storyboard in Resources */,
				E25F76B12243B81D00A8FE9D /* B.jpg in Resources */,
				E25F768D2243A78900A8FE9D /* Assets.xcassets in Resources */,
				E25F76B32243B81D00A8FE9D /* A.jpg in Resources */,
				E25F768B2243A78500A8FE9D /* Main.storyboard in Resources */,
				E25F76B22243B81D00A8FE9D /* C.jpg in Resources */,
			);
			runOnlyForDeploymentPostprocessing = 0;
		};
/* End PBXResourcesBuildPhase section */

/* Begin PBXSourcesBuildPhase section */
		E25F767C2243A78500A8FE9D /* Sources */ = {
			isa = PBXSourcesBuildPhase;
			buildActionMask = 2147483647;
			files = (
				E25F76882243A78500A8FE9D /* ViewController.m in Sources */,
				E25F769B2243AB2000A8FE9D /* ImageLibrary.m in Sources */,
				E25F76932243A78900A8FE9D /* main.m in Sources */,
				E25F76B62244CAF700A8FE9D /* SwiftViewController.swift in Sources */,
				E25F76852243A78500A8FE9D /* AppDelegate.m in Sources */,
			);
			runOnlyForDeploymentPostprocessing = 0;
		};
/* End PBXSourcesBuildPhase section */

/* Begin PBXVariantGroup section */
		E25F76892243A78500A8FE9D /* Main.storyboard */ = {
			isa = PBXVariantGroup;
			children = (
				E25F768A2243A78500A8FE9D /* Base */,
			);
			name = Main.storyboard;
			sourceTree = "<group>";
		};
		E25F768E2243A78900A8FE9D /* LaunchScreen.storyboard */ = {
			isa = PBXVariantGroup;
			children = (
				E25F768F2243A78900A8FE9D /* Base */,
			);
			name = LaunchScreen.storyboard;
			sourceTree = "<group>";
		};
/* End PBXVariantGroup section */

/* Begin XCBuildConfiguration section */
		E25F76942243A78900A8FE9D /* Debug */ = {
			isa = XCBuildConfiguration;
			buildSettings = {
				ALWAYS_SEARCH_USER_PATHS = NO;
				CLANG_ANALYZER_NONNULL = YES;
				CLANG_ANALYZER_NUMBER_OBJECT_CONVERSION = YES_AGGRESSIVE;
				CLANG_CXX_LANGUAGE_STANDARD = "gnu++14";
				CLANG_CXX_LIBRARY = "libc++";
				CLANG_ENABLE_MODULES = YES;
				CLANG_ENABLE_OBJC_ARC = YES;
				CLANG_ENABLE_OBJC_WEAK = YES;
				CLANG_WARN_BLOCK_CAPTURE_AUTORELEASING = YES;
				CLANG_WARN_BOOL_CONVERSION = YES;
				CLANG_WARN_COMMA = YES;
				CLANG_WARN_CONSTANT_CONVERSION = YES;
				CLANG_WARN_DEPRECATED_OBJC_IMPLEMENTATIONS = YES;
				CLANG_WARN_DIRECT_OBJC_ISA_USAGE = YES_ERROR;
				CLANG_WARN_DOCUMENTATION_COMMENTS = YES;
				CLANG_WARN_EMPTY_BODY = YES;
				CLANG_WARN_ENUM_CONVERSION = YES;
				CLANG_WARN_INFINITE_RECURSION = YES;
				CLANG_WARN_INT_CONVERSION = YES;
				CLANG_WARN_NON_LITERAL_NULL_CONVERSION = YES;
				CLANG_WARN_OBJC_IMPLICIT_RETAIN_SELF = YES;
				CLANG_WARN_OBJC_LITERAL_CONVERSION = YES;
				CLANG_WARN_OBJC_ROOT_CLASS = YES_ERROR;
				CLANG_WARN_RANGE_LOOP_ANALYSIS = YES;
				CLANG_WARN_STRICT_PROTOTYPES = YES;
				CLANG_WARN_SUSPICIOUS_MOVE = YES;
				CLANG_WARN_UNGUARDED_AVAILABILITY = YES_AGGRESSIVE;
				CLANG_WARN_UNREACHABLE_CODE = YES;
				CLANG_WARN__DUPLICATE_METHOD_MATCH = YES;
				CODE_SIGN_IDENTITY = "iPhone Developer";
				COPY_PHASE_STRIP = NO;
				DEBUG_INFORMATION_FORMAT = dwarf;
				ENABLE_STRICT_OBJC_MSGSEND = YES;
				ENABLE_TESTABILITY = YES;
				GCC_C_LANGUAGE_STANDARD = gnu11;
				GCC_DYNAMIC_NO_PIC = NO;
				GCC_NO_COMMON_BLOCKS = YES;
				GCC_OPTIMIZATION_LEVEL = 0;
				GCC_PREPROCESSOR_DEFINITIONS = (
					"DEBUG=1",
					"$(inherited)",
				);
				GCC_WARN_64_TO_32_BIT_CONVERSION = YES;
				GCC_WARN_ABOUT_RETURN_TYPE = YES_ERROR;
				GCC_WARN_UNDECLARED_SELECTOR = YES;
				GCC_WARN_UNINITIALIZED_AUTOS = YES_AGGRESSIVE;
				GCC_WARN_UNUSED_FUNCTION = YES;
				GCC_WARN_UNUSED_VARIABLE = YES;
				IPHONEOS_DEPLOYMENT_TARGET = 12.1;
				MTL_ENABLE_DEBUG_INFO = INCLUDE_SOURCE;
				MTL_FAST_MATH = YES;
				ONLY_ACTIVE_ARCH = YES;
				SDKROOT = iphoneos;
			};
			name = Debug;
		};
		E25F76952243A78900A8FE9D /* Release */ = {
			isa = XCBuildConfiguration;
			buildSettings = {
				ALWAYS_SEARCH_USER_PATHS = NO;
				CLANG_ANALYZER_NONNULL = YES;
				CLANG_ANALYZER_NUMBER_OBJECT_CONVERSION = YES_AGGRESSIVE;
				CLANG_CXX_LANGUAGE_STANDARD = "gnu++14";
				CLANG_CXX_LIBRARY = "libc++";
				CLANG_ENABLE_MODULES = YES;
				CLANG_ENABLE_OBJC_ARC = YES;
				CLANG_ENABLE_OBJC_WEAK = YES;
				CLANG_WARN_BLOCK_CAPTURE_AUTORELEASING = YES;
				CLANG_WARN_BOOL_CONVERSION = YES;
				CLANG_WARN_COMMA = YES;
				CLANG_WARN_CONSTANT_CONVERSION = YES;
				CLANG_WARN_DEPRECATED_OBJC_IMPLEMENTATIONS = YES;
				CLANG_WARN_DIRECT_OBJC_ISA_USAGE = YES_ERROR;
				CLANG_WARN_DOCUMENTATION_COMMENTS = YES;
				CLANG_WARN_EMPTY_BODY = YES;
				CLANG_WARN_ENUM_CONVERSION = YES;
				CLANG_WARN_INFINITE_RECURSION = YES;
				CLANG_WARN_INT_CONVERSION = YES;
				CLANG_WARN_NON_LITERAL_NULL_CONVERSION = YES;
				CLANG_WARN_OBJC_IMPLICIT_RETAIN_SELF = YES;
				CLANG_WARN_OBJC_LITERAL_CONVERSION = YES;
				CLANG_WARN_OBJC_ROOT_CLASS = YES_ERROR;
				CLANG_WARN_RANGE_LOOP_ANALYSIS = YES;
				CLANG_WARN_STRICT_PROTOTYPES = YES;
				CLANG_WARN_SUSPICIOUS_MOVE = YES;
				CLANG_WARN_UNGUARDED_AVAILABILITY = YES_AGGRESSIVE;
				CLANG_WARN_UNREACHABLE_CODE = YES;
				CLANG_WARN__DUPLICATE_METHOD_MATCH = YES;
				CODE_SIGN_IDENTITY = "iPhone Developer";
				COPY_PHASE_STRIP = NO;
				DEBUG_INFORMATION_FORMAT = "dwarf-with-dsym";
				ENABLE_NS_ASSERTIONS = NO;
				ENABLE_STRICT_OBJC_MSGSEND = YES;
				GCC_C_LANGUAGE_STANDARD = gnu11;
				GCC_NO_COMMON_BLOCKS = YES;
				GCC_WARN_64_TO_32_BIT_CONVERSION = YES;
				GCC_WARN_ABOUT_RETURN_TYPE = YES_ERROR;
				GCC_WARN_UNDECLARED_SELECTOR = YES;
				GCC_WARN_UNINITIALIZED_AUTOS = YES_AGGRESSIVE;
				GCC_WARN_UNUSED_FUNCTION = YES;
				GCC_WARN_UNUSED_VARIABLE = YES;
				IPHONEOS_DEPLOYMENT_TARGET = 12.1;
				MTL_ENABLE_DEBUG_INFO = NO;
				MTL_FAST_MATH = YES;
				SDKROOT = iphoneos;
				VALIDATE_PRODUCT = YES;
			};
			name = Release;
		};
		E25F76972243A78900A8FE9D /* Debug */ = {
			isa = XCBuildConfiguration;
			buildSettings = {
				ASSETCATALOG_COMPILER_APPICON_NAME = AppIcon;
				CLANG_ENABLE_MODULES = YES;
				CODE_SIGN_STYLE = Automatic;
				DEVELOPMENT_TEAM = 59USFJN23P;
				INFOPLIST_FILE = innerupperabilityDemo/Info.plist;
				IPHONEOS_DEPLOYMENT_TARGET = 12.0;
				LD_RUNPATH_SEARCH_PATHS = (
					"$(inherited)",
					"@executable_path/Frameworks",
				);
				PRODUCT_BUNDLE_IDENTIFIER = club.plus1.innerupperabilityDemo;
				PRODUCT_NAME = "$(TARGET_NAME)";
				SWIFT_OBJC_BRIDGING_HEADER = "innerupperabilityDemo/innerupperabilityDemo-Bridging-Header.h";
				SWIFT_OPTIMIZATION_LEVEL = "-Onone";
				SWIFT_VERSION = 4.2;
				TARGETED_DEVICE_FAMILY = "1,2";
			};
			name = Debug;
		};
		E25F76982243A78900A8FE9D /* Release */ = {
			isa = XCBuildConfiguration;
			buildSettings = {
				ASSETCATALOG_COMPILER_APPICON_NAME = AppIcon;
				CLANG_ENABLE_MODULES = YES;
				CODE_SIGN_STYLE = Automatic;
				DEVELOPMENT_TEAM = 59USFJN23P;
				INFOPLIST_FILE = innerupperabilityDemo/Info.plist;
				IPHONEOS_DEPLOYMENT_TARGET = 12.0;
				LD_RUNPATH_SEARCH_PATHS = (
					"$(inherited)",
					"@executable_path/Frameworks",
				);
				PRODUCT_BUNDLE_IDENTIFIER = club.plus1.innerupperabilityDemo;
				PRODUCT_NAME = "$(TARGET_NAME)";
				SWIFT_OBJC_BRIDGING_HEADER = "innerupperabilityDemo/innerupperabilityDemo-Bridging-Header.h";
				SWIFT_VERSION = 4.2;
				TARGETED_DEVICE_FAMILY = "1,2";
			};
			name = Release;
		};
/* End XCBuildConfiguration section */

/* Begin XCConfigurationList section */
		E25F767B2243A78500A8FE9D /* Build configuration list for PBXProject "innerupperabilityDemo" */ = {
			isa = XCConfigurationList;
			buildConfigurations = (
				E25F76942243A78900A8FE9D /* Debug */,
				E25F76952243A78900A8FE9D /* Release */,
			);
			defaultConfigurationIsVisible = 0;
			defaultConfigurationName = Release;
		};
		E25F76962243A78900A8FE9D /* Build configuration list for PBXNativeTarget "innerupperabilityDemo" */ = {
			isa = XCConfigurationList;
			buildConfigurations = (
				E25F76972243A78900A8FE9D /* Debug */,
				E25F76982243A78900A8FE9D /* Release */,
			);
			defaultConfigurationIsVisible = 0;
			defaultConfigurationName = Release;
		};
/* End XCConfigurationList section */
	};
	rootObject = E25F76782243A78500A8FE9D /* Project object */;
}
